// !$*UTF8*$!
{
	archiveVersion = 1;
	classes = {
	};
	objectVersion = 77;
	objects = {

/* Begin PBXBuildFile section */
		A624FF7B2EC1D7CC0027509C /* RevivoWatch Watch App.app in Embed Watch Content */ = {isa = PBXBuildFile; fileRef = A624FF6E2EC1D7CB0027509C /* RevivoWatch Watch App.app */; settings = {ATTRIBUTES = (RemoveHeadersOnCopy, ); }; };
		A624FF872EC1D9350027509C /* RobotMode.swift in Sources */ = {isa = PBXBuildFile; fileRef = A624FF862EC1D9350027509C /* RobotMode.swift */; };
		A624FF9F2EC2F8E80027509C /* RobotMode.swift in Sources */ = {isa = PBXBuildFile; fileRef = A624FF862EC1D9350027509C /* RobotMode.swift */; };
/* End PBXBuildFile section */

/* Begin PBXContainerItemProxy section */
		A624FF792EC1D7CC0027509C /* PBXContainerItemProxy */ = {
			isa = PBXContainerItemProxy;
			containerPortal = A624FF3B2EC1D7290027509C /* Project object */;
			proxyType = 1;
			remoteGlobalIDString = A624FF6D2EC1D7CB0027509C;
			remoteInfo = "RevivoWatch Watch App";
		};
/* End PBXContainerItemProxy section */

/* Begin PBXCopyFilesBuildPhase section */
		A624FF692EC1D7790027509C /* Embed Watch Content */ = {
			isa = PBXCopyFilesBuildPhase;
			buildActionMask = 2147483647;
			dstPath = "$(CONTENTS_FOLDER_PATH)/Watch";
			dstSubfolderSpec = 16;
			files = (
				A624FF7B2EC1D7CC0027509C /* RevivoWatch Watch App.app in Embed Watch Content */,
			);
			name = "Embed Watch Content";
			runOnlyForDeploymentPostprocessing = 0;
		};
		A66C245A2F6D025200CDD51F /* Embed Frameworks */ = {
			isa = PBXCopyFilesBuildPhase;
			buildActionMask = 2147483647;
			dstPath = "";
			dstSubfolderSpec = 10;
			files = (
			);
			name = "Embed Frameworks";
			runOnlyForDeploymentPostprocessing = 0;
		};
		A66C24662F6D04F500CDD51F /* Embed Frameworks */ = {
			isa = PBXCopyFilesBuildPhase;
			buildActionMask = 2147483647;
			dstPath = "";
			dstSubfolderSpec = 10;
			files = (
			);
			name = "Embed Frameworks";
			runOnlyForDeploymentPostprocessing = 0;
		};
/* End PBXCopyFilesBuildPhase section */

/* Begin PBXFileReference section */
		A624FF432EC1D7290027509C /* Revivo.app */ = {isa = PBXFileReference; explicitFileType = wrapper.application; includeInIndex = 0; path = Revivo.app; sourceTree = BUILT_PRODUCTS_DIR; };
		A624FF6E2EC1D7CB0027509C /* RevivoWatch Watch App.app */ = {isa = PBXFileReference; explicitFileType = wrapper.application; includeInIndex = 0; path = "RevivoWatch Watch App.app"; sourceTree = BUILT_PRODUCTS_DIR; };
		A624FF862EC1D9350027509C /* RobotMode.swift */ = {isa = PBXFileReference; lastKnownFileType = sourcecode.swift; path = RobotMode.swift; sourceTree = "<group>"; };
/* End PBXFileReference section */

/* Begin PBXFileSystemSynchronizedBuildFileExceptionSet section */
		A66C24462F6CDEF400CDD51F /* Exceptions for "Revivo" folder in "Revivo" target */ = {
			isa = PBXFileSystemSynchronizedBuildFileExceptionSet;
			membershipExceptions = (
				Info.plist,
			);
			target = A624FF422EC1D7290027509C /* Revivo */;
		};
		A66C24672F6D2C3A00CDD51F /* Exceptions for "RevivoWatch Watch App" folder in "RevivoWatch Watch App" target */ = {
			isa = PBXFileSystemSynchronizedBuildFileExceptionSet;
			membershipExceptions = (
				Info.plist,
			);
			target = A624FF6D2EC1D7CB0027509C /* RevivoWatch Watch App */;
		};
/* End PBXFileSystemSynchronizedBuildFileExceptionSet section */

/* Begin PBXFileSystemSynchronizedRootGroup section */
		A624FF452EC1D7290027509C /* Revivo */ = {
			isa = PBXFileSystemSynchronizedRootGroup;
			exceptions = (
				A66C24462F6CDEF400CDD51F /* Exceptions for "Revivo" folder in "Revivo" target */,
			);
			path = Revivo;
			sourceTree = "<group>";
		};
		A624FF6F2EC1D7CB0027509C /* RevivoWatch Watch App */ = {
			isa = PBXFileSystemSynchronizedRootGroup;
			exceptions = (
				A66C24672F6D2C3A00CDD51F /* Exceptions for "RevivoWatch Watch App" folder in "RevivoWatch Watch App" target */,
			);
			path = "RevivoWatch Watch App";
			sourceTree = "<group>";
		};
/* End PBXFileSystemSynchronizedRootGroup section */

/* Begin PBXFrameworksBuildPhase section */
		A624FF402EC1D7290027509C /* Frameworks */ = {
			isa = PBXFrameworksBuildPhase;
			buildActionMask = 2147483647;
			files = (
			);
			runOnlyForDeploymentPostprocessing = 0;
		};
		A624FF6B2EC1D7CB0027509C /* Frameworks */ = {
			isa = PBXFrameworksBuildPhase;
			buildActionMask = 2147483647;
			files = (
			);
			runOnlyForDeploymentPostprocessing = 0;
		};
/* End PBXFrameworksBuildPhase section */

/* Begin PBXGroup section */
		A624FF3A2EC1D7290027509C = {
			isa = PBXGroup;
			children = (
				A624FF9E2EC1E2A40027509C /* Shared */,
				A624FF452EC1D7290027509C /* Revivo */,
				A624FF6F2EC1D7CB0027509C /* RevivoWatch Watch App */,
				A624FF442EC1D7290027509C /* Products */,
			);
			sourceTree = "<group>";
		};
		A624FF442EC1D7290027509C /* Products */ = {
			isa = PBXGroup;
			children = (
				A624FF432EC1D7290027509C /* Revivo.app */,
				A624FF6E2EC1D7CB0027509C /* RevivoWatch Watch App.app */,
			);
			name = Products;
			sourceTree = "<group>";
		};
		A624FF9E2EC1E2A40027509C /* Shared */ = {
			isa = PBXGroup;
			children = (
				A624FF862EC1D9350027509C /* RobotMode.swift */,
			);
			path = Shared;
			sourceTree = "<group>";
		};
/* End PBXGroup section */

/* Begin PBXNativeTarget section */
		A624FF422EC1D7290027509C /* Revivo */ = {
			isa = PBXNativeTarget;
			buildConfigurationList = A624FF512EC1D72A0027509C /* Build configuration list for PBXNativeTarget "Revivo" */;
			buildPhases = (
				A624FF3F2EC1D7290027509C /* Sources */,
				A624FF402EC1D7290027509C /* Frameworks */,
				A624FF412EC1D7290027509C /* Resources */,
				A624FF692EC1D7790027509C /* Embed Watch Content */,
				A66C24662F6D04F500CDD51F /* Embed Frameworks */,
			);
			buildRules = (
			);
			dependencies = (
				A624FF7A2EC1D7CC0027509C /* PBXTargetDependency */,
			);
			fileSystemSynchronizedGroups = (
				A624FF452EC1D7290027509C /* Revivo */,
			);
			name = Revivo;
			packageProductDependencies = (
			);
			productName = Revivo;
			productReference = A624FF432EC1D7290027509C /* Revivo.app */;
			productType = "com.apple.product-type.application";
		};
		A624FF6D2EC1D7CB0027509C /* RevivoWatch Watch App */ = {
			isa = PBXNativeTarget;
			buildConfigurationList = A624FF7C2EC1D7CC0027509C /* Build configuration list for PBXNativeTarget "RevivoWatch Watch App" */;
			buildPhases = (
				A624FF6A2EC1D7CB0027509C /* Sources */,
				A624FF6B2EC1D7CB0027509C /* Frameworks */,
				A624FF6C2EC1D7CB0027509C /* Resources */,
				A66C245A2F6D025200CDD51F /* Embed Frameworks */,
			);
			buildRules = (
			);
			dependencies = (
			);
			fileSystemSynchronizedGroups = (
				A624FF6F2EC1D7CB0027509C /* RevivoWatch Watch App */,
			);
			name = "RevivoWatch Watch App";
			packageProductDependencies = (
			);
			productName = "RevivoWatch Watch App";
			productReference = A624FF6E2EC1D7CB0027509C /* RevivoWatch Watch App.app */;
			productType = "com.apple.product-type.application";
		};
/* End PBXNativeTarget section */

/* Begin PBXProject section */
		A624FF3B2EC1D7290027509C /* Project object */ = {
			isa = PBXProject;
			attributes = {
				BuildIndependentTargetsInParallel = 1;
				LastSwiftUpdateCheck = 1600;
				LastUpgradeCheck = 1600;
				TargetAttributes = {
					A624FF422EC1D7290027509C = {
						CreatedOnToolsVersion = 16.0;
					};
					A624FF6D2EC1D7CB0027509C = {
						CreatedOnToolsVersion = 16.0;
					};
				};
			};
			buildConfigurationList = A624FF3E2EC1D7290027509C /* Build configuration list for PBXProject "Revivo" */;
			developmentRegion = en;
			hasScannedForEncodings = 0;
			knownRegions = (
				en,
				Base,
			);
			mainGroup = A624FF3A2EC1D7290027509C;
			minimizedProjectReferenceProxies = 1;
			preferredProjectObjectVersion = 77;
			productRefGroup = A624FF442EC1D7290027509C /* Products */;
			projectDirPath = "";
			projectRoot = "";
			targets = (
				A624FF422EC1D7290027509C /* Revivo */,
				A624FF6D2EC1D7CB0027509C /* RevivoWatch Watch App */,
			);
		};
/* End PBXProject section */

/* Begin PBXResourcesBuildPhase section */
		A624FF412EC1D7290027509C /* Resources */ = {
			isa = PBXResourcesBuildPhase;
			buildActionMask = 2147483647;
			files = (
			);
			runOnlyForDeploymentPostprocessing = 0;
		};
		A624FF6C2EC1D7CB0027509C /* Resources */ = {
			isa = PBXResourcesBuildPhase;
			buildActionMask = 2147483647;
			files = (
			);
			runOnlyForDeploymentPostprocessing = 0;
		};
/* End PBXResourcesBuildPhase section */

/* Begin PBXSourcesBuildPhase section */
		A624FF3F2EC1D7290027509C /* Sources */ = {
			isa = PBXSourcesBuildPhase;
			buildActionMask = 2147483647;
			files = (
				A624FF872EC1D9350027509C /* RobotMode.swift in Sources */,
			);
			runOnlyForDeploymentPostprocessing = 0;
		};
		A624FF6A2EC1D7CB0027509C /* Sources */ = {
			isa = PBXSourcesBuildPhase;
			buildActionMask = 2147483647;
			files = (
				A624FF9F2EC2F8E80027509C /* RobotMode.swift in Sources */,
			);
			runOnlyForDeploymentPostprocessing = 0;
		};
/* End PBXSourcesBuildPhase section */

/* Begin PBXTargetDependency section */
		A624FF7A2EC1D7CC0027509C /* PBXTargetDependency */ = {
			isa = PBXTargetDependency;
			target = A624FF6D2EC1D7CB0027509C /* RevivoWatch Watch App */;
			targetProxy = A624FF792EC1D7CC0027509C /* PBXContainerItemProxy */;
		};
/* End PBXTargetDependency section */

/* Begin XCBuildConfiguration section */
		A624FF4F2EC1D72A0027509C /* Debug */ = {
			isa = XCBuildConfiguration;
			buildSettings = {
				ALWAYS_SEARCH_USER_PATHS = NO;
				ASSETCATALOG_COMPILER_GENERATE_SWIFT_ASSET_SYMBOL_EXTENSIONS = YES;
				CLANG_ANALYZER_NONNULL = YES;
				CLANG_ANALYZER_NUMBER_OBJECT_CONVERSION = YES_AGGRESSIVE;
				CLANG_CXX_LANGUAGE_STANDARD = "gnu++20";
				CLANG_ENABLE_MODULES = YES;
				CLANG_ENABLE_OBJC_ARC = YES;
				CLANG_ENABLE_OBJC_WEAK = YES;
				CLANG_WARN_BLOCK_CAPTURE_AUTORELEASING = YES;
				CLANG_WARN_BOOL_CONVERSION = YES;
				CLANG_WARN_COMMA = YES;
				CLANG_WARN_CONSTANT_CONVERSION = YES;
				CLANG_WARN_DEPRECATED_OBJC_IMPLEMENTATIONS = YES;
				CLANG_WARN_DIRECT_OBJC_ISA_USAGE = YES_ERROR;
				CLANG_WARN_DOCUMENTATION_COMMENTS = YES;
				CLANG_WARN_EMPTY_BODY = YES;
				CLANG_WARN_ENUM_CONVERSION = YES;
				CLANG_WARN_INFINITE_RECURSION = YES;
				CLANG_WARN_INT_CONVERSION = YES;
				CLANG_WARN_NON_LITERAL_NULL_CONVERSION = YES;
				CLANG_WARN_OBJC_IMPLICIT_RETAIN_SELF = YES;
				CLANG_WARN_OBJC_LITERAL_CONVERSION = YES;
				CLANG_WARN_OBJC_ROOT_CLASS = YES_ERROR;
				CLANG_WARN_QUOTED_INCLUDE_IN_FRAMEWORK_HEADER = YES;
				CLANG_WARN_RANGE_LOOP_ANALYSIS = YES;
				CLANG_WARN_STRICT_PROTOTYPES = YES;
				CLANG_WARN_SUSPICIOUS_MOVE = YES;
				CLANG_WARN_UNGUARDED_AVAILABILITY = YES_AGGRESSIVE;
				CLANG_WARN_UNREACHABLE_CODE = YES;
				CLANG_WARN__DUPLICATE_METHOD_MATCH = YES;
				COPY_PHASE_STRIP = NO;
				DEBUG_INFORMATION_FORMAT = dwarf;
				ENABLE_STRICT_OBJC_MSGSEND = YES;
				ENABLE_TESTABILITY = YES;
				ENABLE_USER_SCRIPT_SANDBOXING = YES;
				GCC_C_LANGUAGE_STANDARD = gnu17;
				GCC_DYNAMIC_NO_PIC = NO;
				GCC_NO_COMMON_BLOCKS = YES;
				GCC_OPTIMIZATION_LEVEL = 0;
				GCC_PREPROCESSOR_DEFINITIONS = (
					"DEBUG=1",
					"$(inherited)",
				);
				GCC_WARN_64_TO_32_BIT_CONVERSION = YES;
				GCC_WARN_ABOUT_RETURN_TYPE = YES_ERROR;
				GCC_WARN_UNDECLARED_SELECTOR = YES;
				GCC_WARN_UNINITIALIZED_AUTOS = YES_AGGRESSIVE;
				GCC_WARN_UNUSED_FUNCTION = YES;
				GCC_WARN_UNUSED_VARIABLE = YES;
				IPHONEOS_DEPLOYMENT_TARGET = 18.0;
				LOCALIZATION_PREFERS_STRING_CATALOGS = YES;
				MTL_ENABLE_DEBUG_INFO = INCLUDE_SOURCE;
				MTL_FAST_MATH = YES;
				ONLY_ACTIVE_ARCH = YES;
				SDKROOT = iphoneos;
				SWIFT_ACTIVE_COMPILATION_CONDITIONS = "DEBUG $(inherited)";
				SWIFT_OPTIMIZATION_LEVEL = "-Onone";
			};
			name = Debug;
		};
		A624FF502EC1D72A0027509C /* Release */ = {
			isa = XCBuildConfiguration;
			buildSettings = {
				ALWAYS_SEARCH_USER_PATHS = NO;
				ASSETCATALOG_COMPILER_GENERATE_SWIFT_ASSET_SYMBOL_EXTENSIONS = YES;
				CLANG_ANALYZER_NONNULL = YES;
				CLANG_ANALYZER_NUMBER_OBJECT_CONVERSION = YES_AGGRESSIVE;
				CLANG_CXX_LANGUAGE_STANDARD = "gnu++20";
				CLANG_ENABLE_MODULES = YES;
				CLANG_ENABLE_OBJC_ARC = YES;
				CLANG_ENABLE_OBJC_WEAK = YES;
				CLANG_WARN_BLOCK_CAPTURE_AUTORELEASING = YES;
				CLANG_WARN_BOOL_CONVERSION = YES;
				CLANG_WARN_COMMA = YES;
				CLANG_WARN_CONSTANT_CONVERSION = YES;
				CLANG_WARN_DEPRECATED_OBJC_IMPLEMENTATIONS = YES;
				CLANG_WARN_DIRECT_OBJC_ISA_USAGE = YES_ERROR;
				CLANG_WARN_DOCUMENTATION_COMMENTS = YES;
				CLANG_WARN_EMPTY_BODY = YES;
				CLANG_WARN_ENUM_CONVERSION = YES;
				CLANG_WARN_INFINITE_RECURSION = YES;
				CLANG_WARN_INT_CONVERSION = YES;
				CLANG_WARN_NON_LITERAL_NULL_CONVERSION = YES;
				CLANG_WARN_OBJC_IMPLICIT_RETAIN_SELF = YES;
				CLANG_WARN_OBJC_LITERAL_CONVERSION = YES;
				CLANG_WARN_OBJC_ROOT_CLASS = YES_ERROR;
				CLANG_WARN_QUOTED_INCLUDE_IN_FRAMEWORK_HEADER = YES;
				CLANG_WARN_RANGE_LOOP_ANALYSIS = YES;
				CLANG_WARN_STRICT_PROTOTYPES = YES;
				CLANG_WARN_SUSPICIOUS_MOVE = YES;
				CLANG_WARN_UNGUARDED_AVAILABILITY = YES_AGGRESSIVE;
				CLANG_WARN_UNREACHABLE_CODE = YES;
				CLANG_WARN__DUPLICATE_METHOD_MATCH = YES;
				COPY_PHASE_STRIP = NO;
				DEBUG_INFORMATION_FORMAT = "dwarf-with-dsym";
				ENABLE_NS_ASSERTIONS = NO;
				ENABLE_STRICT_OBJC_MSGSEND = YES;
				ENABLE_USER_SCRIPT_SANDBOXING = YES;
				GCC_C_LANGUAGE_STANDARD = gnu17;
				GCC_NO_COMMON_BLOCKS = YES;
				GCC_WARN_64_TO_32_BIT_CONVERSION = YES;
				GCC_WARN_ABOUT_RETURN_TYPE = YES_ERROR;
				GCC_WARN_UNDECLARED_SELECTOR = YES;
				GCC_WARN_UNINITIALIZED_AUTOS = YES_AGGRESSIVE;
				GCC_WARN_UNUSED_FUNCTION = YES;
				GCC_WARN_UNUSED_VARIABLE = YES;
				IPHONEOS_DEPLOYMENT_TARGET = 18.0;
				LOCALIZATION_PREFERS_STRING_CATALOGS = YES;
				MTL_ENABLE_DEBUG_INFO = NO;
				MTL_FAST_MATH = YES;
				SDKROOT = iphoneos;
				SWIFT_COMPILATION_MODE = wholemodule;
				VALIDATE_PRODUCT = YES;
			};
			name = Release;
		};
		A624FF522EC1D72A0027509C /* Debug */ = {
			isa = XCBuildConfiguration;
			buildSettings = {
				ASSETCATALOG_COMPILER_APPICON_NAME = AppIcon;
				ASSETCATALOG_COMPILER_GLOBAL_ACCENT_COLOR_NAME = AccentColor;
				CODE_SIGN_ENTITLEMENTS = Revivo/Revivo.entitlements;
				CODE_SIGN_STYLE = Automatic;
				CURRENT_PROJECT_VERSION = 1;
				DEVELOPMENT_ASSET_PATHS = "\"Revivo/Preview Content\"";
				DEVELOPMENT_TEAM = 4P2WRBB4Z7;
				ENABLE_PREVIEWS = YES;
				FRAMEWORK_SEARCH_PATHS = (
					"$(inherited)",
					"$(PROJECT_DIR)",
				);
				GENERATE_INFOPLIST_FILE = YES;
				INFOPLIST_FILE = Revivo/Info.plist;
				INFOPLIST_KEY_NSHealthShareUsageDescription = "This app needs access to Heart Rate and HRV data to detect stress levels.";
				INFOPLIST_KEY_NSHealthUpdateUsageDescription = "This app needs access to Health data to analyse activity and well-being.";
				INFOPLIST_KEY_NSLocalNetworkUsageDescription = "Discover local server";
				INFOPLIST_KEY_UIApplicationSceneManifest_Generation = YES;
				INFOPLIST_KEY_UIApplicationSupportsIndirectInputEvents = YES;
				INFOPLIST_KEY_UILaunchScreen_Generation = YES;
				INFOPLIST_KEY_UISupportedInterfaceOrientations_iPad = "UIInterfaceOrientationPortrait UIInterfaceOrientationPortraitUpsideDown UIInterfaceOrientationLandscapeLeft UIInterfaceOrientationLandscapeRight";
				INFOPLIST_KEY_UISupportedInterfaceOrientations_iPhone = "UIInterfaceOrientationPortrait UIInterfaceOrientationLandscapeLeft UIInterfaceOrientationLandscapeRight";
				LD_RUNPATH_SEARCH_PATHS = (
					"$(inherited)",
					"@executable_path/Frameworks",
				);
				MARKETING_VERSION = 1.0;
				PRODUCT_BUNDLE_IDENTIFIER = kenathKP.Revivo;
				PRODUCT_NAME = "$(TARGET_NAME)";
				SWIFT_EMIT_LOC_STRINGS = YES;
				SWIFT_VERSION = 5.0;
				TARGETED_DEVICE_FAMILY = "1,2";
			};
			name = Debug;
		};
		A624FF532EC1D72A0027509C /* Release */ = {
			isa = XCBuildConfiguration;
			buildSettings = {
				ASSETCATALOG_COMPILER_APPICON_NAME = AppIcon;
				ASSETCATALOG_COMPILER_GLOBAL_ACCENT_COLOR_NAME = AccentColor;
				CODE_SIGN_ENTITLEMENTS = Revivo/Revivo.entitlements;
				CODE_SIGN_STYLE = Automatic;
				CURRENT_PROJECT_VERSION = 1;
				DEVELOPMENT_ASSET_PATHS = "\"Revivo/Preview Content\"";
				DEVELOPMENT_TEAM = 4P2WRBB4Z7;
				ENABLE_PREVIEWS = YES;
				FRAMEWORK_SEARCH_PATHS = (
					"$(inherited)",
					"$(PROJECT_DIR)",
				);
				GENERATE_INFOPLIST_FILE = YES;
				INFOPLIST_FILE = Revivo/Info.plist;
				INFOPLIST_KEY_NSHealthShareUsageDescription = "This app needs access to Heart Rate and HRV data to detect stress levels.";
				INFOPLIST_KEY_NSHealthUpdateUsageDescription = "This app needs access to Health data to analyse activity and well-being.";
				INFOPLIST_KEY_NSLocalNetworkUsageDescription = "Discover local server";
				INFOPLIST_KEY_UIApplicationSceneManifest_Generation = YES;
				INFOPLIST_KEY_UIApplicationSupportsIndirectInputEvents = YES;
				INFOPLIST_KEY_UILaunchScreen_Generation = YES;
				INFOPLIST_KEY_UISupportedInterfaceOrientations_iPad = "UIInterfaceOrientationPortrait UIInterfaceOrientationPortraitUpsideDown UIInterfaceOrientationLandscapeLeft UIInterfaceOrientationLandscapeRight";
				INFOPLIST_KEY_UISupportedInterfaceOrientations_iPhone = "UIInterfaceOrientationPortrait UIInterfaceOrientationLandscapeLeft UIInterfaceOrientationLandscapeRight";
				LD_RUNPATH_SEARCH_PATHS = (
					"$(inherited)",
					"@executable_path/Frameworks",
				);
				MARKETING_VERSION = 1.0;
				PRODUCT_BUNDLE_IDENTIFIER = kenathKP.Revivo;
				PRODUCT_NAME = "$(TARGET_NAME)";
				SWIFT_EMIT_LOC_STRINGS = YES;
				SWIFT_VERSION = 5.0;
				TARGETED_DEVICE_FAMILY = "1,2";
			};
			name = Release;
		};
		A624FF7D2EC1D7CC0027509C /* Debug */ = {
			isa = XCBuildConfiguration;
			buildSettings = {
				ASSETCATALOG_COMPILER_APPICON_NAME = AppIcon;
				ASSETCATALOG_COMPILER_GLOBAL_ACCENT_COLOR_NAME = AccentColor;
				CODE_SIGN_ENTITLEMENTS = "RevivoWatch Watch App/RevivoWatch Watch App.entitlements";
				CODE_SIGN_STYLE = Automatic;
				CURRENT_PROJECT_VERSION = 1;
				DEVELOPMENT_ASSET_PATHS = "\"RevivoWatch Watch App/Preview Content\"";
				DEVELOPMENT_TEAM = 4P2WRBB4Z7;
				ENABLE_PREVIEWS = YES;
				GENERATE_INFOPLIST_FILE = NO;
				INFOPLIST_FILE = "RevivoWatch Watch App/Info.plist";
				INFOPLIST_KEY_CFBundleDisplayName = RevivoWatch;
				INFOPLIST_KEY_NSHealthShareUsageDescription = "We need access to your heart rate and HRV to detect stress and guide punching sessions.";
				INFOPLIST_KEY_NSHealthUpdateUsageDescription = "We need to log workouts to Health so you can track your sessions.";
				INFOPLIST_KEY_UISupportedInterfaceOrientations = "UIInterfaceOrientationPortrait UIInterfaceOrientationPortraitUpsideDown";
				INFOPLIST_KEY_WKBackgroundModes = "workout-processing";
				INFOPLIST_KEY_WKCompanionAppBundleIdentifier = kenathKP.Revivo;
				LD_RUNPATH_SEARCH_PATHS = (
					"$(inherited)",
					"@executable_path/Frameworks",
				);
				MARKETING_VERSION = 1.0;
				PRODUCT_BUNDLE_IDENTIFIER = kenathKP.Revivo.watchkitapp;
				PRODUCT_NAME = "$(TARGET_NAME)";
				SDKROOT = watchos;
				SKIP_INSTALL = YES;
				SWIFT_EMIT_LOC_STRINGS = YES;
				SWIFT_VERSION = 5.0;
				TARGETED_DEVICE_FAMILY = 4;
				WATCHOS_DEPLOYMENT_TARGET = 11.0;
			};
			name = Debug;
		};
		A624FF7E2EC1D7CC0027509C /* Release */ = {
			isa = XCBuildConfiguration;
			buildSettings = {
				ASSETCATALOG_COMPILER_APPICON_NAME = AppIcon;
				ASSETCATALOG_COMPILER_GLOBAL_ACCENT_COLOR_NAME = AccentColor;
				CODE_SIGN_ENTITLEMENTS = "RevivoWatch Watch App/RevivoWatch Watch App.entitlements";
				CODE_SIGN_STYLE = Automatic;
				CURRENT_PROJECT_VERSION = 1;
				DEVELOPMENT_ASSET_PATHS = "\"RevivoWatch Watch App/Preview Content\"";
				DEVELOPMENT_TEAM = 4P2WRBB4Z7;
				ENABLE_PREVIEWS = YES;
				GENERATE_INFOPLIST_FILE = NO;
				INFOPLIST_FILE = "RevivoWatch Watch App/Info.plist";
				INFOPLIST_KEY_CFBundleDisplayName = RevivoWatch;
				INFOPLIST_KEY_NSHealthShareUsageDescription = "We need access to your heart rate and HRV to detect stress and guide punching sessions.";
				INFOPLIST_KEY_NSHealthUpdateUsageDescription = "We need to log workouts to Health so you can track your sessions.";
				INFOPLIST_KEY_UISupportedInterfaceOrientations = "UIInterfaceOrientationPortrait UIInterfaceOrientationPortraitUpsideDown";
				INFOPLIST_KEY_WKBackgroundModes = "workout-processing";
				INFOPLIST_KEY_WKCompanionAppBundleIdentifier = kenathKP.Revivo;
				LD_RUNPATH_SEARCH_PATHS = (
					"$(inherited)",
					"@executable_path/Frameworks",
				);
				MARKETING_VERSION = 1.0;
				PRODUCT_BUNDLE_IDENTIFIER = kenathKP.Revivo.watchkitapp;
				PRODUCT_NAME = "$(TARGET_NAME)";
				SDKROOT = watchos;
				SKIP_INSTALL = YES;
				SWIFT_EMIT_LOC_STRINGS = YES;
				SWIFT_VERSION = 5.0;
				TARGETED_DEVICE_FAMILY = 4;
				WATCHOS_DEPLOYMENT_TARGET = 11.0;
			};
			name = Release;
		};
/* End XCBuildConfiguration section */

/* Begin XCConfigurationList section */
		A624FF3E2EC1D7290027509C /* Build configuration list for PBXProject "Revivo" */ = {
			isa = XCConfigurationList;
			buildConfigurations = (
				A624FF4F2EC1D72A0027509C /* Debug */,
				A624FF502EC1D72A0027509C /* Release */,
			);
			defaultConfigurationIsVisible = 0;
			defaultConfigurationName = Release;
		};
		A624FF512EC1D72A0027509C /* Build configuration list for PBXNativeTarget "Revivo" */ = {
			isa = XCConfigurationList;
			buildConfigurations = (
				A624FF522EC1D72A0027509C /* Debug */,
				A624FF532EC1D72A0027509C /* Release */,
			);
			defaultConfigurationIsVisible = 0;
			defaultConfigurationName = Release;
		};
		A624FF7C2EC1D7CC0027509C /* Build configuration list for PBXNativeTarget "RevivoWatch Watch App" */ = {
			isa = XCConfigurationList;
			buildConfigurations = (
				A624FF7D2EC1D7CC0027509C /* Debug */,
				A624FF7E2EC1D7CC0027509C /* Release */,
			);
			defaultConfigurationIsVisible = 0;
			defaultConfigurationName = Release;
		};
/* End XCConfigurationList section */
	};
	rootObject = A624FF3B2EC1D7290027509C /* Project object */;
}
